
Microsoft Visual Studio Solution File, Format Version 12.00
# Visual Studio 14
VisualStudioVersion = 14.0.25420.1
MinimumVisualStudioVersion = 10.0.40219.1
Project("{FAE04EC0-301F-11D3-BF4B-00C04F79EFBC}") = "CaptureCustomers.Api", "CaptureClients\CaptureCustomers.Api.csproj", "{2FFAA43B-F271-4F64-B2FE-07D6D115B7D6}"
EndProject
Project("{FAE04EC0-301F-11D3-BF4B-00C04F79EFBC}") = "CaptureCustomers.Entities", "CaptureClients.Entities\CaptureCustomers.Entities.csproj", "{7C58CA83-1645-4CC1-A645-2FBA50DADF67}"
EndProject
Global
	GlobalSection(SolutionConfigurationPlatforms) = preSolution
		Debug|Any CPU = Debug|Any CPU
		Release|Any CPU = Release|Any CPU
	EndGlobalSection
	GlobalSection(ProjectConfigurationPlatforms) = postSolution
		{2FFAA43B-F271-4F64-B2FE-07D6D115B7D6}.Debug|Any CPU.ActiveCfg = Debug|Any CPU
		{2FFAA43B-F271-4F64-B2FE-07D6D115B7D6}.Debug|Any CPU.Build.0 = Debug|Any CPU
		{2FFAA43B-F271-4F64-B2FE-07D6D115B7D6}.Release|Any CPU.ActiveCfg = Release|Any CPU
		{2FFAA43B-F271-4F64-B2FE-07D6D115B7D6}.Release|Any CPU.Build.0 = Release|Any CPU
		{7C58CA83-1645-4CC1-A645-2FBA50DADF67}.Debug|Any CPU.ActiveCfg = Debug|Any CPU
		{7C58CA83-1645-4CC1-A645-2FBA50DADF67}.Debug|Any CPU.Build.0 = Debug|Any CPU
		{7C58CA83-1645-4CC1-A645-2FBA50DADF67}.Release|Any CPU.ActiveCfg = Release|Any CPU
		{7C58CA83-1645-4CC1-A645-2FBA50DADF67}.Release|Any CPU.Build.0 = Release|Any CPU
	EndGlobalSection
	GlobalSection(SolutionProperties) = preSolution
		HideSolutionNode = FALSE
	EndGlobalSection
	GlobalSection(ExtensibilityGlobals) = postSolution
		SolutionGuid = {2CE721B2-2083-437E-B8B3-2C639B7C0554}
	EndGlobalSection
EndGlobal
